
Microsoft Visual Studio Solution File, Format Version 12.00
# Visual Studio 2012
Project("{FAE04EC0-301F-11D3-BF4B-00C04F79EFBC}") = "BrewersBuddy", "BrewersBuddy\BrewersBuddy.csproj", "{F3E84A9A-AC84-4451-A04D-5B7CEC814935}"
EndProject
Project("{FAE04EC0-301F-11D3-BF4B-00C04F79EFBC}") = "BrewersBuddy.Tests", "BrewersBuddy.Tests\BrewersBuddy.Tests.csproj", "{D1C2C703-1B9D-4005-BCC9-16A585174B28}"
EndProject
Global
	GlobalSection(SolutionConfigurationPlatforms) = preSolution
		Debug|Any CPU = Debug|Any CPU
		Release|Any CPU = Release|Any CPU
	EndGlobalSection
	GlobalSection(ProjectConfigurationPlatforms) = postSolution
		{F3E84A9A-AC84-4451-A04D-5B7CEC814935}.Debug|Any CPU.ActiveCfg = Debug|Any CPU
		{F3E84A9A-AC84-4451-A04D-5B7CEC814935}.Debug|Any CPU.Build.0 = Debug|Any CPU
		{F3E84A9A-AC84-4451-A04D-5B7CEC814935}.Release|Any CPU.ActiveCfg = Release|Any CPU
		{F3E84A9A-AC84-4451-A04D-5B7CEC814935}.Release|Any CPU.Build.0 = Release|Any CPU
		{D1C2C703-1B9D-4005-BCC9-16A585174B28}.Debug|Any CPU.ActiveCfg = Debug|Any CPU
		{D1C2C703-1B9D-4005-BCC9-16A585174B28}.Debug|Any CPU.Build.0 = Debug|Any CPU
		{D1C2C703-1B9D-4005-BCC9-16A585174B28}.Release|Any CPU.ActiveCfg = Release|Any CPU
		{D1C2C703-1B9D-4005-BCC9-16A585174B28}.Release|Any CPU.Build.0 = Release|Any CPU
	EndGlobalSection
	GlobalSection(SolutionProperties) = preSolution
		HideSolutionNode = FALSE
	EndGlobalSection
EndGlobal
